
Microsoft Visual Studio Solution File, Format Version 12.00
# Visual Studio Version 17
VisualStudioVersion = 17.9.34728.123
MinimumVisualStudioVersion = 10.0.40219.1
Project("{FAE04EC0-301F-11D3-BF4B-00C04F79EFBC}") = "WcfChat", "WcfChat\WcfChat.csproj", "{DABAD499-0945-4275-A2C2-B7B83F53BAB0}"
EndProject
Global
	GlobalSection(SolutionConfigurationPlatforms) = preSolution
		Debug|Any CPU = Debug|Any CPU
		Release|Any CPU = Release|Any CPU
	EndGlobalSection
	GlobalSection(ProjectConfigurationPlatforms) = postSolution
		{DABAD499-0945-4275-A2C2-B7B83F53BAB0}.Debug|Any CPU.ActiveCfg = Debug|Any CPU
		{DABAD499-0945-4275-A2C2-B7B83F53BAB0}.Debug|Any CPU.Build.0 = Debug|Any CPU
		{DABAD499-0945-4275-A2C2-B7B83F53BAB0}.Release|Any CPU.ActiveCfg = Release|Any CPU
		{DABAD499-0945-4275-A2C2-B7B83F53BAB0}.Release|Any CPU.Build.0 = Release|Any CPU
	EndGlobalSection
	GlobalSection(SolutionProperties) = preSolution
		HideSolutionNode = FALSE
	EndGlobalSection
	GlobalSection(ExtensibilityGlobals) = postSolution
		SolutionGuid = {CF14EF43-0536-4F55-B425-3997AC00D85A}
	EndGlobalSection
EndGlobal
